
Microsoft Visual Studio Solution File, Format Version 12.00
# Visual Studio Version 17
VisualStudioVersion = 17.9.34622.214
MinimumVisualStudioVersion = 10.0.40219.1
Project("{9A19103F-16F7-4668-BE54-9A1E7A4F7556}") = "NilaAPI", "NilaAPI.csproj", "{68CC0EED-AAAD-4FEA-BFC4-6466C68C52C9}"
EndProject
Project("{9A19103F-16F7-4668-BE54-9A1E7A4F7556}") = "BLLayer", "..\BLLayer\BLLayer.csproj", "{F5E2650A-0EB7-4188-8AF9-C39EDFEE176A}"
EndProject
Project("{9A19103F-16F7-4668-BE54-9A1E7A4F7556}") = "DLLayer", "..\DLLayer\DLLayer.csproj", "{8501C4D1-1D53-42A6-8410-B794E66D7FF5}"
EndProject
Global
	GlobalSection(SolutionConfigurationPlatforms) = preSolution
		Debug|Any CPU = Debug|Any CPU
		Release|Any CPU = Release|Any CPU
	EndGlobalSection
	GlobalSection(ProjectConfigurationPlatforms) = postSolution
		{68CC0EED-AAAD-4FEA-BFC4-6466C68C52C9}.Debug|Any CPU.ActiveCfg = Debug|Any CPU
		{68CC0EED-AAAD-4FEA-BFC4-6466C68C52C9}.Debug|Any CPU.Build.0 = Debug|Any CPU
		{68CC0EED-AAAD-4FEA-BFC4-6466C68C52C9}.Release|Any CPU.ActiveCfg = Release|Any CPU
		{68CC0EED-AAAD-4FEA-BFC4-6466C68C52C9}.Release|Any CPU.Build.0 = Release|Any CPU
		{F5E2650A-0EB7-4188-8AF9-C39EDFEE176A}.Debug|Any CPU.ActiveCfg = Debug|Any CPU
		{F5E2650A-0EB7-4188-8AF9-C39EDFEE176A}.Debug|Any CPU.Build.0 = Debug|Any CPU
		{F5E2650A-0EB7-4188-8AF9-C39EDFEE176A}.Release|Any CPU.ActiveCfg = Release|Any CPU
		{F5E2650A-0EB7-4188-8AF9-C39EDFEE176A}.Release|Any CPU.Build.0 = Release|Any CPU
		{8501C4D1-1D53-42A6-8410-B794E66D7FF5}.Debug|Any CPU.ActiveCfg = Debug|Any CPU
		{8501C4D1-1D53-42A6-8410-B794E66D7FF5}.Debug|Any CPU.Build.0 = Debug|Any CPU
		{8501C4D1-1D53-42A6-8410-B794E66D7FF5}.Release|Any CPU.ActiveCfg = Release|Any CPU
		{8501C4D1-1D53-42A6-8410-B794E66D7FF5}.Release|Any CPU.Build.0 = Release|Any CPU
	EndGlobalSection
	GlobalSection(SolutionProperties) = preSolution
		HideSolutionNode = FALSE
	EndGlobalSection
	GlobalSection(ExtensibilityGlobals) = postSolution
		SolutionGuid = {0AA8FB38-5C1A-46DC-AB8B-8767F5FDC73C}
	EndGlobalSection
EndGlobal
